
Microsoft Visual Studio Solution File, Format Version 12.00
# Visual Studio Version 17
VisualStudioVersion = 17.0.31912.275
MinimumVisualStudioVersion = 10.0.40219.1
Project("{9A19103F-16F7-4668-BE54-9A1E7A4F7556}") = "Sundew.DiscriminatedUnions.Analyzer", "Sundew.DiscriminatedUnions.Analyzer\Sundew.DiscriminatedUnions.Analyzer.csproj", "{EFD8C854-04DD-4C84-A44D-5B2FD7D6FB50}"
EndProject
Project("{9A19103F-16F7-4668-BE54-9A1E7A4F7556}") = "Sundew.DiscriminatedUnions.CodeFixes", "Sundew.DiscriminatedUnions.CodeFixes\Sundew.DiscriminatedUnions.CodeFixes.csproj", "{97F5BD15-6C9B-4257-9C55-F3457B0DB9CD}"
EndProject
Project("{9A19103F-16F7-4668-BE54-9A1E7A4F7556}") = "Sundew.DiscriminatedUnions.Package", "Sundew.DiscriminatedUnions.Package\Sundew.DiscriminatedUnions.Package.csproj", "{ACE6530A-8F7D-41D1-B761-D49AEC52CC14}"
EndProject
Project("{9A19103F-16F7-4668-BE54-9A1E7A4F7556}") = "Sundew.DiscriminatedUnions.Tests", "Sundew.DiscriminatedUnions.Tests\Sundew.DiscriminatedUnions.Tests.csproj", "{8E133CE7-CA71-442E-9C7F-C6A7ECF969F0}"
EndProject
Project("{9A19103F-16F7-4668-BE54-9A1E7A4F7556}") = "Sundew.DiscriminatedUnions", "Sundew.DiscriminatedUnions\Sundew.DiscriminatedUnions.csproj", "{4AC78087-C843-419B-A41E-543141E803E7}"
EndProject
Project("{9A19103F-16F7-4668-BE54-9A1E7A4F7556}") = "Sundew.DiscriminatedUnions.Tester", "Sundew.DiscriminatedUnions.Tester\Sundew.DiscriminatedUnions.Tester.csproj", "{5EB1C48C-A98B-46DA-9C4B-13DF9D9838C6}"
EndProject
Project("{2150E333-8FDC-42A3-9474-1A3956D46DE8}") = "Solution Items", "Solution Items", "{20465DEA-4F7F-4296-891D-A6454F437ADA}"
	ProjectSection(SolutionItems) = preProject
		Directory.Build.props = Directory.Build.props
		Directory.Build.props.user = Directory.Build.props.user
		Directory.Build.targets = Directory.Build.targets
		..\.github\workflows\dotnet.yml = ..\.github\workflows\dotnet.yml
		..\README.md = ..\README.md
	EndProjectSection
EndProject
Project("{9A19103F-16F7-4668-BE54-9A1E7A4F7556}") = "Sundew.DiscriminatedUnions.TestData", "Sundew.DiscriminatedUnions.TestData\Sundew.DiscriminatedUnions.TestData.csproj", "{9709F6A9-E434-44EB-A7DB-C8DAD82D821A}"
EndProject
Project("{9A19103F-16F7-4668-BE54-9A1E7A4F7556}") = "Sundew.DiscriminatedUnions.Generator", "Sundew.DiscriminatedUnions.Generator\Sundew.DiscriminatedUnions.Generator.csproj", "{3DD07B5D-8691-4727-B56B-F683AD382F37}"
EndProject
Project("{9A19103F-16F7-4668-BE54-9A1E7A4F7556}") = "Sundew.DiscriminatedUnions.Generator.IntegrationTests", "Sundew.DiscriminatedUnions.Generator.IntegrationTests\Sundew.DiscriminatedUnions.Generator.IntegrationTests.csproj", "{341C2E7A-55E5-49BF-BF3B-8BB27DACFA82}"
EndProject
Project("{9A19103F-16F7-4668-BE54-9A1E7A4F7556}") = "Sundew.DiscriminatedUnions.Shared", "Sundew.DiscriminatedUnions.Shared\Sundew.DiscriminatedUnions.Shared.csproj", "{7FEB79EE-BE02-47E4-A9A4-5B0573B3498E}"
EndProject
Global
	GlobalSection(SolutionConfigurationPlatforms) = preSolution
		Debug|Any CPU = Debug|Any CPU
		Release|Any CPU = Release|Any CPU
	EndGlobalSection
	GlobalSection(ProjectConfigurationPlatforms) = postSolution
		{EFD8C854-04DD-4C84-A44D-5B2FD7D6FB50}.Debug|Any CPU.ActiveCfg = Debug|Any CPU
		{EFD8C854-04DD-4C84-A44D-5B2FD7D6FB50}.Debug|Any CPU.Build.0 = Debug|Any CPU
		{EFD8C854-04DD-4C84-A44D-5B2FD7D6FB50}.Release|Any CPU.ActiveCfg = Release|Any CPU
		{EFD8C854-04DD-4C84-A44D-5B2FD7D6FB50}.Release|Any CPU.Build.0 = Release|Any CPU
		{97F5BD15-6C9B-4257-9C55-F3457B0DB9CD}.Debug|Any CPU.ActiveCfg = Debug|Any CPU
		{97F5BD15-6C9B-4257-9C55-F3457B0DB9CD}.Debug|Any CPU.Build.0 = Debug|Any CPU
		{97F5BD15-6C9B-4257-9C55-F3457B0DB9CD}.Release|Any CPU.ActiveCfg = Release|Any CPU
		{97F5BD15-6C9B-4257-9C55-F3457B0DB9CD}.Release|Any CPU.Build.0 = Release|Any CPU
		{ACE6530A-8F7D-41D1-B761-D49AEC52CC14}.Debug|Any CPU.ActiveCfg = Debug|Any CPU
		{ACE6530A-8F7D-41D1-B761-D49AEC52CC14}.Debug|Any CPU.Build.0 = Debug|Any CPU
		{ACE6530A-8F7D-41D1-B761-D49AEC52CC14}.Release|Any CPU.ActiveCfg = Release|Any CPU
		{ACE6530A-8F7D-41D1-B761-D49AEC52CC14}.Release|Any CPU.Build.0 = Release|Any CPU
		{8E133CE7-CA71-442E-9C7F-C6A7ECF969F0}.Debug|Any CPU.ActiveCfg = Debug|Any CPU
		{8E133CE7-CA71-442E-9C7F-C6A7ECF969F0}.Debug|Any CPU.Build.0 = Debug|Any CPU
		{8E133CE7-CA71-442E-9C7F-C6A7ECF969F0}.Release|Any CPU.ActiveCfg = Release|Any CPU
		{8E133CE7-CA71-442E-9C7F-C6A7ECF969F0}.Release|Any CPU.Build.0 = Release|Any CPU
		{4AC78087-C843-419B-A41E-543141E803E7}.Debug|Any CPU.ActiveCfg = Debug|Any CPU
		{4AC78087-C843-419B-A41E-543141E803E7}.Debug|Any CPU.Build.0 = Debug|Any CPU
		{4AC78087-C843-419B-A41E-543141E803E7}.Release|Any CPU.ActiveCfg = Release|Any CPU
		{4AC78087-C843-419B-A41E-543141E803E7}.Release|Any CPU.Build.0 = Release|Any CPU
		{5EB1C48C-A98B-46DA-9C4B-13DF9D9838C6}.Debug|Any CPU.ActiveCfg = Debug|Any CPU
		{5EB1C48C-A98B-46DA-9C4B-13DF9D9838C6}.Debug|Any CPU.Build.0 = Debug|Any CPU
		{5EB1C48C-A98B-46DA-9C4B-13DF9D9838C6}.Release|Any CPU.ActiveCfg = Release|Any CPU
		{5EB1C48C-A98B-46DA-9C4B-13DF9D9838C6}.Release|Any CPU.Build.0 = Release|Any CPU
		{9709F6A9-E434-44EB-A7DB-C8DAD82D821A}.Debug|Any CPU.ActiveCfg = Debug|Any CPU
		{9709F6A9-E434-44EB-A7DB-C8DAD82D821A}.Debug|Any CPU.Build.0 = Debug|Any CPU
		{9709F6A9-E434-44EB-A7DB-C8DAD82D821A}.Release|Any CPU.ActiveCfg = Release|Any CPU
		{9709F6A9-E434-44EB-A7DB-C8DAD82D821A}.Release|Any CPU.Build.0 = Release|Any CPU
		{3DD07B5D-8691-4727-B56B-F683AD382F37}.Debug|Any CPU.ActiveCfg = Debug|Any CPU
		{3DD07B5D-8691-4727-B56B-F683AD382F37}.Debug|Any CPU.Build.0 = Debug|Any CPU
		{3DD07B5D-8691-4727-B56B-F683AD382F37}.Release|Any CPU.ActiveCfg = Release|Any CPU
		{3DD07B5D-8691-4727-B56B-F683AD382F37}.Release|Any CPU.Build.0 = Release|Any CPU
		{341C2E7A-55E5-49BF-BF3B-8BB27DACFA82}.Debug|Any CPU.ActiveCfg = Debug|Any CPU
		{341C2E7A-55E5-49BF-BF3B-8BB27DACFA82}.Debug|Any CPU.Build.0 = Debug|Any CPU
		{341C2E7A-55E5-49BF-BF3B-8BB27DACFA82}.Release|Any CPU.ActiveCfg = Release|Any CPU
		{341C2E7A-55E5-49BF-BF3B-8BB27DACFA82}.Release|Any CPU.Build.0 = Release|Any CPU
		{7FEB79EE-BE02-47E4-A9A4-5B0573B3498E}.Debug|Any CPU.ActiveCfg = Debug|Any CPU
		{7FEB79EE-BE02-47E4-A9A4-5B0573B3498E}.Debug|Any CPU.Build.0 = Debug|Any CPU
		{7FEB79EE-BE02-47E4-A9A4-5B0573B3498E}.Release|Any CPU.ActiveCfg = Release|Any CPU
		{7FEB79EE-BE02-47E4-A9A4-5B0573B3498E}.Release|Any CPU.Build.0 = Release|Any CPU
	EndGlobalSection
	GlobalSection(SolutionProperties) = preSolution
		HideSolutionNode = FALSE
	EndGlobalSection
	GlobalSection(ExtensibilityGlobals) = postSolution
		SolutionGuid = {87D7EDE3-718C-4A00-9D2F-B5FC0E346433}
	EndGlobalSection
EndGlobal
